
Microsoft Visual Studio Solution File, Format Version 12.00
Project("{FAE04EC0-301F-11D3-BF4B-00C04F79EFBC}") = "demoentiyframeworkcore", "demoentiyframeworkcore\demoentiyframeworkcore.csproj", "{4B263570-020C-41B7-885C-DA16891DF1B5}"
EndProject
Project("{FAE04EC0-301F-11D3-BF4B-00C04F79EFBC}") = "TPFilRouge", "TPFilRouge\TPFilRouge.csproj", "{A30A0499-0F7E-4589-8109-68EC304F069B}"
EndProject
Project("{FAE04EC0-301F-11D3-BF4B-00C04F79EFBC}") = "democqrs", "democqrs\democqrs.csproj", "{F01CFBF8-65C1-4310-AFBA-70201C7B4342}"
EndProject
Project("{FAE04EC0-301F-11D3-BF4B-00C04F79EFBC}") = "optimisation", "optimisation\optimisation.csproj", "{34E14CEB-4966-441F-B712-EA684505FC3F}"
EndProject
Global
	GlobalSection(SolutionConfigurationPlatforms) = preSolution
		Debug|Any CPU = Debug|Any CPU
		Release|Any CPU = Release|Any CPU
	EndGlobalSection
	GlobalSection(ProjectConfigurationPlatforms) = postSolution
		{4B263570-020C-41B7-885C-DA16891DF1B5}.Debug|Any CPU.ActiveCfg = Debug|Any CPU
		{4B263570-020C-41B7-885C-DA16891DF1B5}.Debug|Any CPU.Build.0 = Debug|Any CPU
		{4B263570-020C-41B7-885C-DA16891DF1B5}.Release|Any CPU.ActiveCfg = Release|Any CPU
		{4B263570-020C-41B7-885C-DA16891DF1B5}.Release|Any CPU.Build.0 = Release|Any CPU
		{A30A0499-0F7E-4589-8109-68EC304F069B}.Debug|Any CPU.ActiveCfg = Debug|Any CPU
		{A30A0499-0F7E-4589-8109-68EC304F069B}.Debug|Any CPU.Build.0 = Debug|Any CPU
		{A30A0499-0F7E-4589-8109-68EC304F069B}.Release|Any CPU.ActiveCfg = Release|Any CPU
		{A30A0499-0F7E-4589-8109-68EC304F069B}.Release|Any CPU.Build.0 = Release|Any CPU
		{F01CFBF8-65C1-4310-AFBA-70201C7B4342}.Debug|Any CPU.ActiveCfg = Debug|Any CPU
		{F01CFBF8-65C1-4310-AFBA-70201C7B4342}.Debug|Any CPU.Build.0 = Debug|Any CPU
		{F01CFBF8-65C1-4310-AFBA-70201C7B4342}.Release|Any CPU.ActiveCfg = Release|Any CPU
		{F01CFBF8-65C1-4310-AFBA-70201C7B4342}.Release|Any CPU.Build.0 = Release|Any CPU
		{34E14CEB-4966-441F-B712-EA684505FC3F}.Debug|Any CPU.ActiveCfg = Debug|Any CPU
		{34E14CEB-4966-441F-B712-EA684505FC3F}.Debug|Any CPU.Build.0 = Debug|Any CPU
		{34E14CEB-4966-441F-B712-EA684505FC3F}.Release|Any CPU.ActiveCfg = Release|Any CPU
		{34E14CEB-4966-441F-B712-EA684505FC3F}.Release|Any CPU.Build.0 = Release|Any CPU
	EndGlobalSection
EndGlobal
